<Solution>
  <Folder Name="/Client/">
    <Project Path="Client/CheckIn.Client.csproj" />
    <Project Path="Client.Mobile/AgoraIn.Client.Mobile.csproj" />
  </Folder>
  <Folder Name="/Server/">
    <Project Path="Server/CheckIn.Server.csproj" />
  </Folder>
  <Folder Name="/Shared/">
    <Project Path="Shared/CheckIn.Shared.csproj" />
  </Folder>
</Solution>
